<Solution>
  <Folder Name="/ai-files/" />
  <Folder Name="/development-files/" />
  <Folder Name="/repository-files/">
    <File Path=".gitignore" />
    <File Path="README.md" />
  </Folder>
  <Project Path="PagePlay.Site/PagePlay.Site.csproj" />
  <Project Path="PagePlay.Tests/PagePlay.Tests.csproj" />
</Solution>